{
	"name": "@mainframe/client",
	"version": "0.1.0",
	"lockfileVersion": 1,
	"requires": true,
	"dependencies": {
		"@babel/runtime": {
			"version": "7.2.0",
			"resolved": "https://registry.npmjs.org/@babel/runtime/-/runtime-7.2.0.tgz",
			"integrity": "sha512-oouEibCbHMVdZSDlJBO6bZmID/zA/G/Qx3H1d3rSNPTD+L8UNKvCat7aKWSJ74zYbm5zWGh0GQN0hKj8zYFTCg==",
			"requires": {
				"regenerator-runtime": "^0.12.0"
			}
		},
		"@mainframe/app-manifest": {
			"version": "0.2.0",
			"resolved": "https://registry.npmjs.org/@mainframe/app-manifest/-/app-manifest-0.2.0.tgz",
			"integrity": "sha512-5M4UqTyHQHDFsY4mjXV+4oP0woWcIDPAGivq2Pw7kfG0JFEcbhKTcxoq96E0b8OKCf12PuNx4oucDMCRMvrLIQ==",
			"dev": true,
			"requires": {
				"@mainframe/data-types": "^0.2.0",
				"@mainframe/secure-file": "^0.1.3",
				"@mainframe/utils-base64": "^0.1.1",
				"es6-error": "^4.1.1",
				"fastest-validator": "^0.6.13",
				"semver": "^5.5.1"
			}
		},
		"@mainframe/app-permissions": {
			"version": "0.2.0",
			"resolved": "https://registry.npmjs.org/@mainframe/app-permissions/-/app-permissions-0.2.0.tgz",
			"integrity": "sha512-f5qEyrVJ6EBIUoR+T6KQZe5ulRuxI/IImPcIa+P3Qr5QuZTXVCv/bdQuIvH88M0Wx3dkylag2Tr/ETBZJFH1Pw==",
			"dev": true
		},
		"@mainframe/data-types": {
			"version": "0.2.0",
			"resolved": "https://registry.npmjs.org/@mainframe/data-types/-/data-types-0.2.0.tgz",
			"integrity": "sha512-l8wVSWqWGSsiP16XxjlOezKiblAQuQ4QIVNa0bY8pvU2P2XyA1Webc0qmGEKzhaD7e5v4feZF/NtaRYxBd43WQ==",
			"dev": true,
			"requires": {
				"multibase": "^0.6.0"
			}
		},
		"@mainframe/rpc-base": {
			"version": "0.2.0",
			"resolved": "https://registry.npmjs.org/@mainframe/rpc-base/-/rpc-base-0.2.0.tgz",
			"integrity": "sha512-AZzfiJPkm36yEsLzQvq2cd5G5hlKzXqmwyMMf6JOwQgs16yWa+0jWUVW94ixqOPQ5idw/9662rqKDDd7BEcVXg==",
			"requires": {
				"@babel/runtime": "^7.0.0",
				"@mainframe/utils-id": "^0.1.1"
			}
		},
		"@mainframe/rpc-error": {
			"version": "0.3.0",
			"resolved": "https://registry.npmjs.org/@mainframe/rpc-error/-/rpc-error-0.3.0.tgz",
			"integrity": "sha512-AuUJjXklvOUsGN63EJeDfZmeSdRPH3ZaRc6QpUIGDOQg9T4eWLZYXqfJq34710AcZT1XGazp8mpdHBiB7KsSJQ==",
			"requires": {
				"@babel/runtime": "^7.0.0",
				"@mainframe/rpc-base": "^0.2.0",
				"es6-error": "^4.1.1"
			}
		},
		"@mainframe/rpc-ipc": {
			"version": "0.2.3",
			"resolved": "https://registry.npmjs.org/@mainframe/rpc-ipc/-/rpc-ipc-0.2.3.tgz",
			"integrity": "sha512-x8rU5zykjlGelP6c9pvQY4bq/30wIqw+U3grEz8T+6/WcJRwgitXlq5e1ImnQmw6KGFystGtJ3KrP51Y3PF4JQ==",
			"requires": {
				"@mainframe/rpc-stream": "^0.2.4",
				"@mainframe/transport-ipc": "^0.2.3"
			}
		},
		"@mainframe/rpc-stream": {
			"version": "0.2.5",
			"resolved": "https://registry.npmjs.org/@mainframe/rpc-stream/-/rpc-stream-0.2.5.tgz",
			"integrity": "sha512-Cay6MhoA40wI8GmpCfmYMPKf9LjN32sWejGXcIq5/RFR9DqxuSR23g2WWWmdREJ62RjcCHoO3xMm0bMEbK6t6g==",
			"requires": {
				"@babel/runtime": "^7.0.0",
				"@mainframe/rpc-base": "^0.2.0",
				"@mainframe/rpc-error": "^0.3.0",
				"rxjs": "^6.3.3"
			}
		},
		"@mainframe/secure-file": {
			"version": "0.1.3",
			"resolved": "https://registry.npmjs.org/@mainframe/secure-file/-/secure-file-0.1.3.tgz",
			"integrity": "sha512-z2x9Xjf5oJySPvh7/f75cxLffmk0K/DjDwKbGkhzbXhIJALzjtYvswn7ZeGBOnCauGbbwpSMbfLUCOFuhKxE7A==",
			"dev": true,
			"requires": {
				"@babel/runtime": "^7.0.0",
				"@mainframe/utils-base64": "^0.1.1",
				"@mainframe/utils-crypto": "^0.2.2",
				"fs-extra": "^7.0.0"
			}
		},
		"@mainframe/transport-ipc": {
			"version": "0.2.4",
			"resolved": "https://registry.npmjs.org/@mainframe/transport-ipc/-/transport-ipc-0.2.4.tgz",
			"integrity": "sha512-8FsFon9kJqUOqRauE8+9CWoxNM16NgZSPvGCqUVjguBHIfRRdEr41RJtLzYC7i9NJMnTa2OXfSaT34nhXo6kzg==",
			"requires": {
				"@babel/runtime": "^7.0.0",
				"rx-socket": "^0.4.1",
				"rxjs": "^6.3.3"
			}
		},
		"@mainframe/utils-base64": {
			"version": "0.1.1",
			"resolved": "https://registry.npmjs.org/@mainframe/utils-base64/-/utils-base64-0.1.1.tgz",
			"integrity": "sha512-Pmj4U2gO823UlR68FxiZBPYmMLBsCtux1tNJiYVPkAB44uIAIXku+iu6HAwVmHKz8R0EEYPvs+bu5awtx+c8jA==",
			"dev": true
		},
		"@mainframe/utils-crypto": {
			"version": "0.2.2",
			"resolved": "https://registry.npmjs.org/@mainframe/utils-crypto/-/utils-crypto-0.2.2.tgz",
			"integrity": "sha512-u4hy6KlSMLtJJSYpVx0iZBrV4uBOtviOQim1UAtbOhjJfZmBBgX5qeTFU3iwNZDkT9mfNbBeTWvOhK4+ig5aew==",
			"dev": true,
			"requires": {
				"sodium-universal": "^2.0.0"
			}
		},
		"@mainframe/utils-id": {
			"version": "0.1.1",
			"resolved": "https://registry.npmjs.org/@mainframe/utils-id/-/utils-id-0.1.1.tgz",
			"integrity": "sha512-KXZM6sVaxWzvMe+dMfMq/JgGvCXu07sdAP+p6RBo1PvHdLsTm+qfQjR9pt03A8Z1Aed73f8K/1rrMM5tERt4Ig==",
			"requires": {
				"nanoid": "^1.0.7"
			}
		},
		"base-x": {
			"version": "3.0.4",
			"resolved": "https://registry.npmjs.org/base-x/-/base-x-3.0.4.tgz",
			"integrity": "sha512-UYOadoSIkEI/VrRGSG6qp93rp2WdokiAiNYDfGW5qURAY8GiAQkvMbwNNSDYiVJopqv4gCna7xqf4rrNGp+5AA==",
			"dev": true,
			"requires": {
				"safe-buffer": "^5.0.1"
			}
		},
		"blake2b": {
			"version": "2.1.3",
			"resolved": "https://registry.npmjs.org/blake2b/-/blake2b-2.1.3.tgz",
			"integrity": "sha512-pkDss4xFVbMb4270aCyGD3qLv92314Et+FsKzilCLxDz5DuZ2/1g3w4nmBbu6nKApPspnjG7JcwTjGZnduB1yg==",
			"dev": true,
			"requires": {
				"blake2b-wasm": "^1.1.0",
				"nanoassert": "^1.0.0"
			}
		},
		"blake2b-wasm": {
			"version": "1.1.7",
			"resolved": "https://registry.npmjs.org/blake2b-wasm/-/blake2b-wasm-1.1.7.tgz",
			"integrity": "sha512-oFIHvXhlz/DUgF0kq5B1CqxIDjIJwh9iDeUUGQUcvgiGz7Wdw03McEO7CfLBy7QKGdsydcMCgO9jFNBAFCtFcA==",
			"dev": true,
			"requires": {
				"nanoassert": "^1.0.0"
			}
		},
		"es6-error": {
			"version": "4.1.1",
			"resolved": "https://registry.npmjs.org/es6-error/-/es6-error-4.1.1.tgz",
			"integrity": "sha512-Um/+FxMr9CISWh0bi5Zv0iOD+4cFh5qLeks1qhAopKVAJw3drgKbKySikp7wGhDL0HPeaja0P5ULZrxLkniUVg=="
		},
		"fastest-validator": {
			"version": "0.6.15",
			"resolved": "https://registry.npmjs.org/fastest-validator/-/fastest-validator-0.6.15.tgz",
			"integrity": "sha512-y+AKxLmoaedv1rxZnRVDlDnsyRyhfU0SAZ9VgOMY1XpobIyVyz8MQxF0trJEI478RJQfGADsYGp0bluP+MNUrQ==",
			"dev": true
		},
		"flow-bin": {
			"version": "0.94.0",
			"resolved": "https://registry.npmjs.org/flow-bin/-/flow-bin-0.94.0.tgz",
			"integrity": "sha512-DYF7r9CJ/AksfmmB4+q+TyLMoeQPRnqtF1Pk7KY3zgfkB/nVuA3nXyzqgsIPIvnMSiFEXQcFK4z+iPxSLckZhQ==",
			"dev": true
		},
		"fs-extra": {
			"version": "7.0.1",
			"resolved": "https://registry.npmjs.org/fs-extra/-/fs-extra-7.0.1.tgz",
			"integrity": "sha512-YJDaCJZEnBmcbw13fvdAM9AwNOJwOzrE4pqMqBq5nFiEqXUqHwlK4B+3pUw6JNvfSPtX05xFHtYy/1ni01eGCw==",
			"dev": true,
			"requires": {
				"graceful-fs": "^4.1.2",
				"jsonfile": "^4.0.0",
				"universalify": "^0.1.0"
			}
		},
		"graceful-fs": {
			"version": "4.1.15",
			"resolved": "https://registry.npmjs.org/graceful-fs/-/graceful-fs-4.1.15.tgz",
			"integrity": "sha512-6uHUhOPEBgQ24HM+r6b/QwWfZq+yiFcipKFrOFiBEnWdy5sdzYoi+pJeQaPI5qOLRFqWmAXUPQNsielzdLoecA==",
			"dev": true
		},
		"graphql": {
			"version": "0.13.2",
			"resolved": "https://registry.npmjs.org/graphql/-/graphql-0.13.2.tgz",
			"integrity": "sha512-QZ5BL8ZO/B20VA8APauGBg3GyEgZ19eduvpLWoq5x7gMmWnHoy8rlQWPLmWgFvo1yNgjSEFMesmS4R6pPr7xog==",
			"requires": {
				"iterall": "^1.2.1"
			}
		},
		"http-https": {
			"version": "1.0.0",
			"resolved": "https://registry.npmjs.org/http-https/-/http-https-1.0.0.tgz",
			"integrity": "sha1-L5CN1fHbQGjAWM1ubUzjkskTOJs="
		},
		"ini": {
			"version": "1.3.5",
			"resolved": "https://registry.npmjs.org/ini/-/ini-1.3.5.tgz",
			"integrity": "sha512-RZY5huIKCMRWDUqZlEi72f/lmXKMvuszcMBduliQ3nnWbx9X/ZBQO7DijMEYS9EhHBb2qacRUMtC7svLwe0lcw==",
			"dev": true,
			"optional": true
		},
		"iterall": {
			"version": "1.2.2",
			"resolved": "https://registry.npmjs.org/iterall/-/iterall-1.2.2.tgz",
			"integrity": "sha512-yynBb1g+RFUPY64fTrFv7nsjRrENBQJaX2UL+2Szc9REFrSNm1rpSXHGzhmAy7a9uv3vlvgBlXnf9RqmPH1/DA=="
		},
		"jsonfile": {
			"version": "4.0.0",
			"resolved": "https://registry.npmjs.org/jsonfile/-/jsonfile-4.0.0.tgz",
			"integrity": "sha1-h3Gq4HmbZAdrdmQPygWPnBDjPss=",
			"dev": true,
			"requires": {
				"graceful-fs": "^4.1.6"
			}
		},
		"multibase": {
			"version": "0.6.0",
			"resolved": "https://registry.npmjs.org/multibase/-/multibase-0.6.0.tgz",
			"integrity": "sha512-R9bNLQhbD7MsitPm1NeY7w9sDgu6d7cuj25snAWH7k5PSNPSwIQQBpcpj8jx1W96dLbdigZqmUWOdQRMnAmgjA==",
			"dev": true,
			"requires": {
				"base-x": "3.0.4"
			}
		},
		"nan": {
			"version": "2.12.1",
			"resolved": "https://registry.npmjs.org/nan/-/nan-2.12.1.tgz",
			"integrity": "sha512-JY7V6lRkStKcKTvHO5NVSQRv+RV+FIL5pvDoLiAtSL9pKlC5x9PKQcZDsq7m4FO4d57mkhC6Z+QhAh3Jdk5JFw==",
			"dev": true,
			"optional": true
		},
		"nanoassert": {
			"version": "1.1.0",
			"resolved": "https://registry.npmjs.org/nanoassert/-/nanoassert-1.1.0.tgz",
			"integrity": "sha1-TzFS4JVA/eKMdvRLGbvNHVpCR40=",
			"dev": true
		},
		"nanoid": {
			"version": "1.3.4",
			"resolved": "https://registry.npmjs.org/nanoid/-/nanoid-1.3.4.tgz",
			"integrity": "sha512-4ug4BsuHxiVHoRUe1ud6rUFT3WUMmjXt1W0quL0CviZQANdan7D8kqN5/maw53hmAApY/jfzMRkC57BNNs60ZQ=="
		},
		"node-gyp-build": {
			"version": "3.8.0",
			"resolved": "https://registry.npmjs.org/node-gyp-build/-/node-gyp-build-3.8.0.tgz",
			"integrity": "sha512-bYbpIHyRqZ7sVWXxGpz8QIRug5JZc/hzZH4GbdT9HTZi6WmKCZ8GLvP8OZ9TTiIBvwPFKgtGrlWQSXDAvYdsPw==",
			"dev": true,
			"optional": true
		},
		"oboe": {
			"version": "2.1.4",
			"resolved": "https://registry.npmjs.org/oboe/-/oboe-2.1.4.tgz",
			"integrity": "sha1-IMiM2wwVNxuwQRklfU/dNLCqSfY=",
			"requires": {
				"http-https": "^1.0.0"
			}
		},
		"regenerator-runtime": {
			"version": "0.12.1",
			"resolved": "https://registry.npmjs.org/regenerator-runtime/-/regenerator-runtime-0.12.1.tgz",
			"integrity": "sha512-odxIc1/vDlo4iZcfXqRYFj0vpXFNoGdKMAUieAlFYO6m/nl5e9KR/beGf41z4a1FI+aQgtjhuaSlDxQ0hmkrHg=="
		},
		"rx-socket": {
			"version": "0.4.1",
			"resolved": "https://registry.npmjs.org/rx-socket/-/rx-socket-0.4.1.tgz",
			"integrity": "sha512-JNGRA1UttGLlvhFKWvr7f0zJa8Rbq8PopTPa4KSrhyNuCGYz/AvQBCfY/HyNx4HuR1GvC/BmAkO//pe+d2Q+FQ==",
			"requires": {
				"oboe": "^2.1.4"
			}
		},
		"rxjs": {
			"version": "6.3.3",
			"resolved": "https://registry.npmjs.org/rxjs/-/rxjs-6.3.3.tgz",
			"integrity": "sha512-JTWmoY9tWCs7zvIk/CvRjhjGaOd+OVBM987mxFo+OW66cGpdKjZcpmc74ES1sB//7Kl/PAe8+wEakuhG4pcgOw==",
			"requires": {
				"tslib": "^1.9.0"
			}
		},
		"safe-buffer": {
			"version": "5.1.2",
			"resolved": "https://registry.npmjs.org/safe-buffer/-/safe-buffer-5.1.2.tgz",
			"integrity": "sha512-Gd2UZBJDkXlY7GbJxfsE8/nvKkUEU1G38c1siN6QP6a9PT9MmHB8GnpscSmMJSoF8LOIrt8ud/wPtojys4G6+g==",
			"dev": true
		},
		"semver": {
			"version": "5.6.0",
			"resolved": "https://registry.npmjs.org/semver/-/semver-5.6.0.tgz",
			"integrity": "sha512-RS9R6R35NYgQn++fkDWaOmqGoj4Ek9gGs+DPxNUZKuwE183xjJroKvyo1IzVFeXvUrvmALy6FWD5xrdJT25gMg==",
			"dev": true
		},
		"siphash24": {
			"version": "1.1.1",
			"resolved": "https://registry.npmjs.org/siphash24/-/siphash24-1.1.1.tgz",
			"integrity": "sha512-dKKwjIoTOa587TARYLlBRXq2lkbu5Iz35XrEVWpelhBP1m8r2BGOy1QlaZe84GTFHG/BTucEUd2btnNc8QzIVA==",
			"dev": true,
			"requires": {
				"nanoassert": "^1.0.0"
			}
		},
		"sodium-javascript": {
			"version": "0.5.5",
			"resolved": "https://registry.npmjs.org/sodium-javascript/-/sodium-javascript-0.5.5.tgz",
			"integrity": "sha512-UMmCHovws/sxIBZsIRhIl8uRPou/RFDD0vVop81T1hG106NLLgqajKKuHAOtAP6hflnZ0UrVA2VFwddTd/NQyA==",
			"dev": true,
			"requires": {
				"blake2b": "^2.1.1",
				"nanoassert": "^1.0.0",
				"siphash24": "^1.0.1",
				"xsalsa20": "^1.0.0"
			}
		},
		"sodium-native": {
			"version": "2.3.0",
			"resolved": "https://registry.npmjs.org/sodium-native/-/sodium-native-2.3.0.tgz",
			"integrity": "sha512-TYId1m2iLXXot2Q3KA6u8Ti9pmL24T2cm8nb9OUGFFmTxdw4I+vnkjcPVA4LT1acw+A86iJkEn+8iV51jcTWUg==",
			"dev": true,
			"optional": true,
			"requires": {
				"ini": "^1.3.5",
				"nan": "^2.4.0",
				"node-gyp-build": "^3.0.0"
			}
		},
		"sodium-universal": {
			"version": "2.0.0",
			"resolved": "https://registry.npmjs.org/sodium-universal/-/sodium-universal-2.0.0.tgz",
			"integrity": "sha512-csdVyakzHJRyCevY4aZC2Eacda8paf+4nmRGF2N7KxCLKY2Ajn72JsExaQlJQ2BiXJncp44p3T+b80cU+2TTsg==",
			"dev": true,
			"requires": {
				"sodium-javascript": "~0.5.0",
				"sodium-native": "^2.0.0"
			}
		},
		"tslib": {
			"version": "1.9.3",
			"resolved": "https://registry.npmjs.org/tslib/-/tslib-1.9.3.tgz",
			"integrity": "sha512-4krF8scpejhaOgqzBEcGM7yDIEfi0/8+8zDRZhNZZ2kjmHJ4hv3zCbQWxoJGz1iw5U0Jl0nma13xzHXcncMavQ=="
		},
		"universalify": {
			"version": "0.1.2",
			"resolved": "https://registry.npmjs.org/universalify/-/universalify-0.1.2.tgz",
			"integrity": "sha512-rBJeI5CXAlmy1pV+617WB9J63U6XcazHHF2f2dbJix4XzpUF0RS3Zbj0FGIOCAva5P/d/GBOYaACQ1w+0azUkg==",
			"dev": true
		},
		"xsalsa20": {
			"version": "1.0.2",
			"resolved": "https://registry.npmjs.org/xsalsa20/-/xsalsa20-1.0.2.tgz",
			"integrity": "sha512-g1DFmZ5JJ9Qzvt4dMw6m9IydqoCSP381ucU5zm46Owbk3bwmqAr8eEJirOPc7PrXRn45drzOpAyDp8jsnoyXyw==",
			"dev": true
		}
	}
}
