{
	"name": "@mainframe/data-types",
	"version": "0.1.0",
	"lockfileVersion": 1,
	"requires": true,
	"dependencies": {
		"base-x": {
			"version": "3.0.4",
			"resolved": "https://registry.npmjs.org/base-x/-/base-x-3.0.4.tgz",
			"integrity": "sha512-UYOadoSIkEI/VrRGSG6qp93rp2WdokiAiNYDfGW5qURAY8GiAQkvMbwNNSDYiVJopqv4gCna7xqf4rrNGp+5AA==",
			"requires": {
				"safe-buffer": "^5.0.1"
			}
		},
		"flow-bin": {
			"version": "0.85.0",
			"resolved": "https://registry.npmjs.org/flow-bin/-/flow-bin-0.85.0.tgz",
			"integrity": "sha512-ougBA2q6Rn9sZrjZQ9r5pTFxCotlGouySpD2yRIuq5AYwwfIT8HHhVMeSwrN5qJayjHINLJyrnsSkkPCZyfMrQ==",
			"dev": true
		},
		"multibase": {
			"version": "0.5.0",
			"resolved": "https://registry.npmjs.org/multibase/-/multibase-0.5.0.tgz",
			"integrity": "sha512-7epKiK8/UBzraYZvOuZa8FH/00hMfTnzTy1OQol1YBU2csAYA7rwWh+iue9plXRmVFBGvmVKMuo0oq5sD47kvw==",
			"requires": {
				"base-x": "3.0.4"
			}
		},
		"punycode": {
			"version": "2.1.1",
			"resolved": "https://registry.npmjs.org/punycode/-/punycode-2.1.1.tgz",
			"integrity": "sha512-XRsRjdf+j5ml+y/6GKHPZbrF/8p2Yga0JPtdqTIY2Xe5ohJPD9saDJJLPvp9+NSBprVvevdXZybnj2cv8OEd0A=="
		},
		"safe-buffer": {
			"version": "5.1.2",
			"resolved": "https://registry.npmjs.org/safe-buffer/-/safe-buffer-5.1.2.tgz",
			"integrity": "sha512-Gd2UZBJDkXlY7GbJxfsE8/nvKkUEU1G38c1siN6QP6a9PT9MmHB8GnpscSmMJSoF8LOIrt8ud/wPtojys4G6+g=="
		},
		"uri-js": {
			"version": "4.2.2",
			"resolved": "https://registry.npmjs.org/uri-js/-/uri-js-4.2.2.tgz",
			"integrity": "sha512-KY9Frmirql91X2Qgjry0Wd4Y+YTdrdZheS8TFwvkbLWf/G5KNJDCh6pKL5OZctEW4+0Baa5idK2ZQuELRwPznQ==",
			"requires": {
				"punycode": "^2.1.0"
			}
		}
	}
}
