{
	"name": "@mainframe/data-types",
	"version": "0.2.0",
	"lockfileVersion": 1,
	"requires": true,
	"dependencies": {
		"base-x": {
			"version": "3.0.4",
			"resolved": "https://registry.npmjs.org/base-x/-/base-x-3.0.4.tgz",
			"integrity": "sha512-UYOadoSIkEI/VrRGSG6qp93rp2WdokiAiNYDfGW5qURAY8GiAQkvMbwNNSDYiVJopqv4gCna7xqf4rrNGp+5AA==",
			"requires": {
				"safe-buffer": "^5.0.1"
			}
		},
		"flow-bin": {
			"version": "0.87.0",
			"resolved": "https://registry.npmjs.org/flow-bin/-/flow-bin-0.87.0.tgz",
			"integrity": "sha512-mnvBXXZkUp4y6A96bR5BHa3q1ioIIN2L10w5osxJqagAakTXFYZwjl0t9cT3y2aCEf1wnK6n91xgYypQS/Dqbw==",
			"dev": true
		},
		"multibase": {
			"version": "0.6.0",
			"resolved": "https://registry.npmjs.org/multibase/-/multibase-0.6.0.tgz",
			"integrity": "sha512-R9bNLQhbD7MsitPm1NeY7w9sDgu6d7cuj25snAWH7k5PSNPSwIQQBpcpj8jx1W96dLbdigZqmUWOdQRMnAmgjA==",
			"requires": {
				"base-x": "3.0.4"
			}
		},
		"safe-buffer": {
			"version": "5.1.2",
			"resolved": "https://registry.npmjs.org/safe-buffer/-/safe-buffer-5.1.2.tgz",
			"integrity": "sha512-Gd2UZBJDkXlY7GbJxfsE8/nvKkUEU1G38c1siN6QP6a9PT9MmHB8GnpscSmMJSoF8LOIrt8ud/wPtojys4G6+g=="
		}
	}
}
