{
	"name": "@mainframe/app-permissions",
	"version": "0.2.0",
	"lockfileVersion": 1,
	"requires": true,
	"dependencies": {
		"flow-bin": {
			"version": "0.87.0",
			"resolved": "https://registry.npmjs.org/flow-bin/-/flow-bin-0.87.0.tgz",
			"integrity": "sha512-mnvBXXZkUp4y6A96bR5BHa3q1ioIIN2L10w5osxJqagAakTXFYZwjl0t9cT3y2aCEf1wnK6n91xgYypQS/Dqbw==",
			"dev": true
		}
	}
}
