{
	"name": "@mainframe/app-permissions",
	"version": "0.1.0",
	"lockfileVersion": 1,
	"requires": true,
	"dependencies": {
		"flow-bin": {
			"version": "0.93.0",
			"resolved": "https://registry.npmjs.org/flow-bin/-/flow-bin-0.93.0.tgz",
			"integrity": "sha512-p8yq4ocOlpyJgOEBEj0v0GzCP25c9WP0ilFQ8hXSbrTR7RPKuR+Whr+OitlVyp8ocdX0j1MrIwQ8x28dacy1pg==",
			"dev": true
		}
	}
}
