{
	"name": "@mainframe/app-permissions",
	"version": "0.1.0",
	"lockfileVersion": 1,
	"requires": true,
	"dependencies": {
		"flow-bin": {
			"version": "0.90.0",
			"resolved": "https://registry.npmjs.org/flow-bin/-/flow-bin-0.90.0.tgz",
			"integrity": "sha512-/syDchjhLLL7nELK1ggyWJifGXuMCTz74kvkjR1t9DcmasMrilLl9qAAotsACcNb98etEEJpsCrvP7WL64kadw==",
			"dev": true
		}
	}
}
